
Microsoft Visual Studio Solution File, Format Version 12.00
# Visual Studio Version 17
VisualStudioVersion = 17.7.34302.85
MinimumVisualStudioVersion = 10.0.40219.1
Project("{FAE04EC0-301F-11D3-BF4B-00C04F79EFBC}") = "ImgOCR", "ImgOCR\ImgOCR.csproj", "{FB998BD4-79BF-4620-A7C6-8015399415EF}"
EndProject
Global
	GlobalSection(SolutionConfigurationPlatforms) = preSolution
		Debug|Any CPU = Debug|Any CPU
		Release|Any CPU = Release|Any CPU
	EndGlobalSection
	GlobalSection(ProjectConfigurationPlatforms) = postSolution
		{FB998BD4-79BF-4620-A7C6-8015399415EF}.Debug|Any CPU.ActiveCfg = Debug|Any CPU
		{FB998BD4-79BF-4620-A7C6-8015399415EF}.Debug|Any CPU.Build.0 = Debug|Any CPU
		{FB998BD4-79BF-4620-A7C6-8015399415EF}.Release|Any CPU.ActiveCfg = Release|Any CPU
		{FB998BD4-79BF-4620-A7C6-8015399415EF}.Release|Any CPU.Build.0 = Release|Any CPU
	EndGlobalSection
	GlobalSection(SolutionProperties) = preSolution
		HideSolutionNode = FALSE
	EndGlobalSection
	GlobalSection(ExtensibilityGlobals) = postSolution
		SolutionGuid = {1AD8F839-3F33-4536-8C33-6BBF10C1A5E0}
	EndGlobalSection
EndGlobal
